// !$*UTF8*$!
{
	archiveVersion = 1;
	classes = {
	};
	objectVersion = 50;
	objects = {

/* Begin PBXBuildFile section */
		79A8188422098D5200A01A7F /* nieuwpoort_ganzenpoot.jpg in Resources */ = {isa = PBXBuildFile; fileRef = 79A8188322098D5200A01A7F /* nieuwpoort_ganzenpoot.jpg */; };
		79A8188622098E1800A01A7F /* nieuwpoort1.jpg in Resources */ = {isa = PBXBuildFile; fileRef = 79A8188522098E1800A01A7F /* nieuwpoort1.jpg */; };
		79A8188822098F9E00A01A7F /* beach.jpg in Resources */ = {isa = PBXBuildFile; fileRef = 79A8188722098F9E00A01A7F /* beach.jpg */; };
		79AC2DCC2208897C004673B4 /* Artist.swift in Sources */ = {isa = PBXBuildFile; fileRef = 79AC2DCB2208897C004673B4 /* Artist.swift */; };
		79AC5F0E220C23CE0070E479 /* Bob.jpg in Resources */ = {isa = PBXBuildFile; fileRef = 79AC5F0B220C23CD0070E479 /* Bob.jpg */; };
		79AC5F0F220C23CE0070E479 /* 2pac.png in Resources */ = {isa = PBXBuildFile; fileRef = 79AC5F0C220C23CD0070E479 /* 2pac.png */; };
		79AC5F10220C23CE0070E479 /* aerosmith.jpg in Resources */ = {isa = PBXBuildFile; fileRef = 79AC5F0D220C23CD0070E479 /* aerosmith.jpg */; };
		79AC5F12220C29120070E479 /* FormViewController.swift in Sources */ = {isa = PBXBuildFile; fileRef = 79AC5F11220C29120070E479 /* FormViewController.swift */; };
		79AC5F14220C2FA90070E479 /* DetailViewController.swift in Sources */ = {isa = PBXBuildFile; fileRef = 79AC5F13220C2FA90070E479 /* DetailViewController.swift */; };
		79AC5F16220C31090070E479 /* Categorie.swift in Sources */ = {isa = PBXBuildFile; fileRef = 79AC5F15220C31090070E479 /* Categorie.swift */; };
		79AC5F18220C31A10070E479 /* DAO.swift in Sources */ = {isa = PBXBuildFile; fileRef = 79AC5F17220C31A10070E479 /* DAO.swift */; };
		79AC5F1A220C35D20070E479 /* MapViewController.swift in Sources */ = {isa = PBXBuildFile; fileRef = 79AC5F19220C35D20070E479 /* MapViewController.swift */; };
		79B5DFAE220453610053D54E /* AppDelegate.swift in Sources */ = {isa = PBXBuildFile; fileRef = 79B5DFAD220453610053D54E /* AppDelegate.swift */; };
		79B5DFB0220453610053D54E /* ViewController.swift in Sources */ = {isa = PBXBuildFile; fileRef = 79B5DFAF220453610053D54E /* ViewController.swift */; };
		79B5DFB3220453610053D54E /* Main.storyboard in Resources */ = {isa = PBXBuildFile; fileRef = 79B5DFB1220453610053D54E /* Main.storyboard */; };
		79B5DFB52204536D0053D54E /* Assets.xcassets in Resources */ = {isa = PBXBuildFile; fileRef = 79B5DFB42204536D0053D54E /* Assets.xcassets */; };
		79B5DFB82204536D0053D54E /* LaunchScreen.storyboard in Resources */ = {isa = PBXBuildFile; fileRef = 79B5DFB62204536D0053D54E /* LaunchScreen.storyboard */; };
		79B5DFC1220453820053D54E /* MapKit.framework in Frameworks */ = {isa = PBXBuildFile; fileRef = 79B5DFC0220453820053D54E /* MapKit.framework */; };
		79B5DFD5220476980053D54E /* snackresto.jpg in Resources */ = {isa = PBXBuildFile; fileRef = 79B5DFC4220476980053D54E /* snackresto.jpg */; };
		79B5DFD6220476980053D54E /* indianresto.jpg in Resources */ = {isa = PBXBuildFile; fileRef = 79B5DFC5220476980053D54E /* indianresto.jpg */; };
		79B5DFD7220476980053D54E /* launchscreen.jpg in Resources */ = {isa = PBXBuildFile; fileRef = 79B5DFC6220476980053D54E /* launchscreen.jpg */; };
		79B5DFD8220476980053D54E /* swasbuckle.jpg in Resources */ = {isa = PBXBuildFile; fileRef = 79B5DFC7220476980053D54E /* swasbuckle.jpg */; };
		79B5DFD9220476980053D54E /* wine.jpg in Resources */ = {isa = PBXBuildFile; fileRef = 79B5DFC8220476980053D54E /* wine.jpg */; };
		79B5DFDA220476980053D54E /* festiscreen.jpg in Resources */ = {isa = PBXBuildFile; fileRef = 79B5DFC9220476980053D54E /* festiscreen.jpg */; };
		79B5DFDB220476980053D54E /* bar1.jpg in Resources */ = {isa = PBXBuildFile; fileRef = 79B5DFCA220476980053D54E /* bar1.jpg */; };
		79B5DFDC220476980053D54E /* bar3.jpg in Resources */ = {isa = PBXBuildFile; fileRef = 79B5DFCB220476980053D54E /* bar3.jpg */; };
		79B5DFDD220476980053D54E /* bar2.jpg in Resources */ = {isa = PBXBuildFile; fileRef = 79B5DFCC220476980053D54E /* bar2.jpg */; };
		79B5DFDE220476980053D54E /* artist.jpg in Resources */ = {isa = PBXBuildFile; fileRef = 79B5DFCD220476980053D54E /* artist.jpg */; };
		79B5DFDF220476980053D54E /* sushiresto.jpg in Resources */ = {isa = PBXBuildFile; fileRef = 79B5DFCE220476980053D54E /* sushiresto.jpg */; };
		79B5DFE0220476980053D54E /* bar4.jpg in Resources */ = {isa = PBXBuildFile; fileRef = 79B5DFCF220476980053D54E /* bar4.jpg */; };
		79B5DFE1220476980053D54E /* italianresto.jpg in Resources */ = {isa = PBXBuildFile; fileRef = 79B5DFD0220476980053D54E /* italianresto.jpg */; };
		79B5DFE2220476980053D54E /* admirable.jpg in Resources */ = {isa = PBXBuildFile; fileRef = 79B5DFD1220476980053D54E /* admirable.jpg */; };
		79B5DFE3220476980053D54E /* artistreel.jpg in Resources */ = {isa = PBXBuildFile; fileRef = 79B5DFD2220476980053D54E /* artistreel.jpg */; };
		79B5DFE4220476980053D54E /* festivallaunch.jpg in Resources */ = {isa = PBXBuildFile; fileRef = 79B5DFD3220476980053D54E /* festivallaunch.jpg */; };
		79B5DFE5220476980053D54E /* winedegu.jpg in Resources */ = {isa = PBXBuildFile; fileRef = 79B5DFD4220476980053D54E /* winedegu.jpg */; };
/* End PBXBuildFile section */

/* Begin PBXFileReference section */
		79A8188322098D5200A01A7F /* nieuwpoort_ganzenpoot.jpg */ = {isa = PBXFileReference; lastKnownFileType = image.jpeg; name = nieuwpoort_ganzenpoot.jpg; path = ../../../../nieuwpoort_ganzenpoot.jpg; sourceTree = "<group>"; };
		79A8188522098E1800A01A7F /* nieuwpoort1.jpg */ = {isa = PBXFileReference; lastKnownFileType = image.jpeg; name = nieuwpoort1.jpg; path = ../../../../nieuwpoort1.jpg; sourceTree = "<group>"; };
		79A8188722098F9E00A01A7F /* beach.jpg */ = {isa = PBXFileReference; lastKnownFileType = image.jpeg; name = beach.jpg; path = ../../../../beach.jpg; sourceTree = "<group>"; };
		79AC2DCB2208897C004673B4 /* Artist.swift */ = {isa = PBXFileReference; lastKnownFileType = sourcecode.swift; path = Artist.swift; sourceTree = "<group>"; };
		79AC5F0B220C23CD0070E479 /* Bob.jpg */ = {isa = PBXFileReference; lastKnownFileType = image.jpeg; name = Bob.jpg; path = ../../../../Bob.jpg; sourceTree = "<group>"; };
		79AC5F0C220C23CD0070E479 /* 2pac.png */ = {isa = PBXFileReference; lastKnownFileType = image.png; name = 2pac.png; path = ../../../../2pac.png; sourceTree = "<group>"; };
		79AC5F0D220C23CD0070E479 /* aerosmith.jpg */ = {isa = PBXFileReference; lastKnownFileType = image.jpeg; name = aerosmith.jpg; path = ../../../../aerosmith.jpg; sourceTree = "<group>"; };
		79AC5F11220C29120070E479 /* FormViewController.swift */ = {isa = PBXFileReference; lastKnownFileType = sourcecode.swift; path = FormViewController.swift; sourceTree = "<group>"; };
		79AC5F13220C2FA90070E479 /* DetailViewController.swift */ = {isa = PBXFileReference; lastKnownFileType = sourcecode.swift; path = DetailViewController.swift; sourceTree = "<group>"; };
		79AC5F15220C31090070E479 /* Categorie.swift */ = {isa = PBXFileReference; lastKnownFileType = sourcecode.swift; path = Categorie.swift; sourceTree = "<group>"; };
		79AC5F17220C31A10070E479 /* DAO.swift */ = {isa = PBXFileReference; lastKnownFileType = sourcecode.swift; path = DAO.swift; sourceTree = "<group>"; };
		79AC5F19220C35D20070E479 /* MapViewController.swift */ = {isa = PBXFileReference; lastKnownFileType = sourcecode.swift; path = MapViewController.swift; sourceTree = "<group>"; };
		79B5DFAA220453610053D54E /* Festival App.app */ = {isa = PBXFileReference; explicitFileType = wrapper.application; includeInIndex = 0; path = "Festival App.app"; sourceTree = BUILT_PRODUCTS_DIR; };
		79B5DFAD220453610053D54E /* AppDelegate.swift */ = {isa = PBXFileReference; lastKnownFileType = sourcecode.swift; path = AppDelegate.swift; sourceTree = "<group>"; };
		79B5DFAF220453610053D54E /* ViewController.swift */ = {isa = PBXFileReference; lastKnownFileType = sourcecode.swift; path = ViewController.swift; sourceTree = "<group>"; };
		79B5DFB2220453610053D54E /* Base */ = {isa = PBXFileReference; lastKnownFileType = file.storyboard; name = Base; path = Base.lproj/Main.storyboard; sourceTree = "<group>"; };
		79B5DFB42204536D0053D54E /* Assets.xcassets */ = {isa = PBXFileReference; lastKnownFileType = folder.assetcatalog; path = Assets.xcassets; sourceTree = "<group>"; };
		79B5DFB72204536D0053D54E /* Base */ = {isa = PBXFileReference; lastKnownFileType = file.storyboard; name = Base; path = Base.lproj/LaunchScreen.storyboard; sourceTree = "<group>"; };
		79B5DFB92204536D0053D54E /* Info.plist */ = {isa = PBXFileReference; lastKnownFileType = text.plist.xml; path = Info.plist; sourceTree = "<group>"; };
		79B5DFC0220453820053D54E /* MapKit.framework */ = {isa = PBXFileReference; lastKnownFileType = wrapper.framework; name = MapKit.framework; path = System/Library/Frameworks/MapKit.framework; sourceTree = SDKROOT; };
		79B5DFC4220476980053D54E /* snackresto.jpg */ = {isa = PBXFileReference; lastKnownFileType = image.jpeg; path = snackresto.jpg; sourceTree = "<group>"; };
		79B5DFC5220476980053D54E /* indianresto.jpg */ = {isa = PBXFileReference; lastKnownFileType = image.jpeg; path = indianresto.jpg; sourceTree = "<group>"; };
		79B5DFC6220476980053D54E /* launchscreen.jpg */ = {isa = PBXFileReference; lastKnownFileType = image.jpeg; path = launchscreen.jpg; sourceTree = "<group>"; };
		79B5DFC7220476980053D54E /* swasbuckle.jpg */ = {isa = PBXFileReference; lastKnownFileType = image.jpeg; path = swasbuckle.jpg; sourceTree = "<group>"; };
		79B5DFC8220476980053D54E /* wine.jpg */ = {isa = PBXFileReference; lastKnownFileType = image.jpeg; path = wine.jpg; sourceTree = "<group>"; };
		79B5DFC9220476980053D54E /* festiscreen.jpg */ = {isa = PBXFileReference; lastKnownFileType = image.jpeg; path = festiscreen.jpg; sourceTree = "<group>"; };
		79B5DFCA220476980053D54E /* bar1.jpg */ = {isa = PBXFileReference; lastKnownFileType = image.jpeg; path = bar1.jpg; sourceTree = "<group>"; };
		79B5DFCB220476980053D54E /* bar3.jpg */ = {isa = PBXFileReference; lastKnownFileType = image.jpeg; path = bar3.jpg; sourceTree = "<group>"; };
		79B5DFCC220476980053D54E /* bar2.jpg */ = {isa = PBXFileReference; lastKnownFileType = image.jpeg; path = bar2.jpg; sourceTree = "<group>"; };
		79B5DFCD220476980053D54E /* artist.jpg */ = {isa = PBXFileReference; lastKnownFileType = image.jpeg; path = artist.jpg; sourceTree = "<group>"; };
		79B5DFCE220476980053D54E /* sushiresto.jpg */ = {isa = PBXFileReference; lastKnownFileType = image.jpeg; path = sushiresto.jpg; sourceTree = "<group>"; };
		79B5DFCF220476980053D54E /* bar4.jpg */ = {isa = PBXFileReference; lastKnownFileType = image.jpeg; path = bar4.jpg; sourceTree = "<group>"; };
		79B5DFD0220476980053D54E /* italianresto.jpg */ = {isa = PBXFileReference; lastKnownFileType = image.jpeg; path = italianresto.jpg; sourceTree = "<group>"; };
		79B5DFD1220476980053D54E /* admirable.jpg */ = {isa = PBXFileReference; lastKnownFileType = image.jpeg; path = admirable.jpg; sourceTree = "<group>"; };
		79B5DFD2220476980053D54E /* artistreel.jpg */ = {isa = PBXFileReference; lastKnownFileType = image.jpeg; path = artistreel.jpg; sourceTree = "<group>"; };
		79B5DFD3220476980053D54E /* festivallaunch.jpg */ = {isa = PBXFileReference; lastKnownFileType = image.jpeg; path = festivallaunch.jpg; sourceTree = "<group>"; };
		79B5DFD4220476980053D54E /* winedegu.jpg */ = {isa = PBXFileReference; lastKnownFileType = image.jpeg; path = winedegu.jpg; sourceTree = "<group>"; };
/* End PBXFileReference section */

/* Begin PBXFrameworksBuildPhase section */
		79B5DFA7220453610053D54E /* Frameworks */ = {
			isa = PBXFrameworksBuildPhase;
			buildActionMask = 2147483647;
			files = (
				79B5DFC1220453820053D54E /* MapKit.framework in Frameworks */,
			);
			runOnlyForDeploymentPostprocessing = 0;
		};
/* End PBXFrameworksBuildPhase section */

/* Begin PBXGroup section */
		79B5DFA1220453610053D54E = {
			isa = PBXGroup;
			children = (
				79B5DFAC220453610053D54E /* Festival App */,
				79B5DFAB220453610053D54E /* Products */,
				79B5DFBF220453820053D54E /* Frameworks */,
			);
			sourceTree = "<group>";
		};
		79B5DFAB220453610053D54E /* Products */ = {
			isa = PBXGroup;
			children = (
				79B5DFAA220453610053D54E /* Festival App.app */,
			);
			name = Products;
			sourceTree = "<group>";
		};
		79B5DFAC220453610053D54E /* Festival App */ = {
			isa = PBXGroup;
			children = (
				79B5DFE7220489A50053D54E /* controller */,
				79B5DFE62204899D0053D54E /* model */,
				79B5DFC22204752D0053D54E /* images */,
				79B5DFAD220453610053D54E /* AppDelegate.swift */,
				79B5DFB1220453610053D54E /* Main.storyboard */,
				79B5DFB42204536D0053D54E /* Assets.xcassets */,
				79B5DFB62204536D0053D54E /* LaunchScreen.storyboard */,
				79B5DFB92204536D0053D54E /* Info.plist */,
			);
			path = "Festival App";
			sourceTree = "<group>";
		};
		79B5DFBF220453820053D54E /* Frameworks */ = {
			isa = PBXGroup;
			children = (
				79B5DFC0220453820053D54E /* MapKit.framework */,
			);
			name = Frameworks;
			sourceTree = "<group>";
		};
		79B5DFC22204752D0053D54E /* images */ = {
			isa = PBXGroup;
			children = (
				79B5DFC3220476980053D54E /* images */,
			);
			path = images;
			sourceTree = "<group>";
		};
		79B5DFC3220476980053D54E /* images */ = {
			isa = PBXGroup;
			children = (
				79AC5F0C220C23CD0070E479 /* 2pac.png */,
				79AC5F0D220C23CD0070E479 /* aerosmith.jpg */,
				79AC5F0B220C23CD0070E479 /* Bob.jpg */,
				79B5DFC4220476980053D54E /* snackresto.jpg */,
				79B5DFC5220476980053D54E /* indianresto.jpg */,
				79B5DFC6220476980053D54E /* launchscreen.jpg */,
				79B5DFC7220476980053D54E /* swasbuckle.jpg */,
				79B5DFC8220476980053D54E /* wine.jpg */,
				79B5DFC9220476980053D54E /* festiscreen.jpg */,
				79B5DFCA220476980053D54E /* bar1.jpg */,
				79B5DFCB220476980053D54E /* bar3.jpg */,
				79B5DFCC220476980053D54E /* bar2.jpg */,
				79B5DFCD220476980053D54E /* artist.jpg */,
				79B5DFCE220476980053D54E /* sushiresto.jpg */,
				79B5DFCF220476980053D54E /* bar4.jpg */,
				79B5DFD0220476980053D54E /* italianresto.jpg */,
				79B5DFD1220476980053D54E /* admirable.jpg */,
				79B5DFD2220476980053D54E /* artistreel.jpg */,
				79B5DFD3220476980053D54E /* festivallaunch.jpg */,
				79B5DFD4220476980053D54E /* winedegu.jpg */,
				79A8188522098E1800A01A7F /* nieuwpoort1.jpg */,
				79A8188322098D5200A01A7F /* nieuwpoort_ganzenpoot.jpg */,
				79A8188722098F9E00A01A7F /* beach.jpg */,
			);
			name = images;
			sourceTree = "<group>";
		};
		79B5DFE62204899D0053D54E /* model */ = {
			isa = PBXGroup;
			children = (
				79AC2DCB2208897C004673B4 /* Artist.swift */,
				79AC5F15220C31090070E479 /* Categorie.swift */,
				79AC5F17220C31A10070E479 /* DAO.swift */,
			);
			name = model;
			path = "New Group";
			sourceTree = "<group>";
		};
		79B5DFE7220489A50053D54E /* controller */ = {
			isa = PBXGroup;
			children = (
				79B5DFAF220453610053D54E /* ViewController.swift */,
				79AC5F11220C29120070E479 /* FormViewController.swift */,
				79AC5F13220C2FA90070E479 /* DetailViewController.swift */,
				79AC5F19220C35D20070E479 /* MapViewController.swift */,
			);
			path = controller;
			sourceTree = "<group>";
		};
/* End PBXGroup section */

/* Begin PBXNativeTarget section */
		79B5DFA9220453610053D54E /* Festival App */ = {
			isa = PBXNativeTarget;
			buildConfigurationList = 79B5DFBC2204536D0053D54E /* Build configuration list for PBXNativeTarget "Festival App" */;
			buildPhases = (
				79B5DFA6220453610053D54E /* Sources */,
				79B5DFA7220453610053D54E /* Frameworks */,
				79B5DFA8220453610053D54E /* Resources */,
			);
			buildRules = (
			);
			dependencies = (
			);
			name = "Festival App";
			productName = "Festival App";
			productReference = 79B5DFAA220453610053D54E /* Festival App.app */;
			productType = "com.apple.product-type.application";
		};
/* End PBXNativeTarget section */

/* Begin PBXProject section */
		79B5DFA2220453610053D54E /* Project object */ = {
			isa = PBXProject;
			attributes = {
				LastSwiftUpdateCheck = 1010;
				LastUpgradeCheck = 1010;
				ORGANIZATIONNAME = EhB;
				TargetAttributes = {
					79B5DFA9220453610053D54E = {
						CreatedOnToolsVersion = 10.1;
						SystemCapabilities = {
							com.apple.Maps.iOS = {
								enabled = 1;
							};
						};
					};
				};
			};
			buildConfigurationList = 79B5DFA5220453610053D54E /* Build configuration list for PBXProject "Festival App" */;
			compatibilityVersion = "Xcode 9.3";
			developmentRegion = en;
			hasScannedForEncodings = 0;
			knownRegions = (
				en,
				Base,
			);
			mainGroup = 79B5DFA1220453610053D54E;
			productRefGroup = 79B5DFAB220453610053D54E /* Products */;
			projectDirPath = "";
			projectRoot = "";
			targets = (
				79B5DFA9220453610053D54E /* Festival App */,
			);
		};
/* End PBXProject section */

/* Begin PBXResourcesBuildPhase section */
		79B5DFA8220453610053D54E /* Resources */ = {
			isa = PBXResourcesBuildPhase;
			buildActionMask = 2147483647;
			files = (
				79B5DFE2220476980053D54E /* admirable.jpg in Resources */,
				79B5DFD8220476980053D54E /* swasbuckle.jpg in Resources */,
				79B5DFE0220476980053D54E /* bar4.jpg in Resources */,
				79AC5F0F220C23CE0070E479 /* 2pac.png in Resources */,
				79B5DFE5220476980053D54E /* winedegu.jpg in Resources */,
				79B5DFDB220476980053D54E /* bar1.jpg in Resources */,
				79B5DFDE220476980053D54E /* artist.jpg in Resources */,
				79AC5F0E220C23CE0070E479 /* Bob.jpg in Resources */,
				79B5DFDC220476980053D54E /* bar3.jpg in Resources */,
				79B5DFB82204536D0053D54E /* LaunchScreen.storyboard in Resources */,
				79A8188422098D5200A01A7F /* nieuwpoort_ganzenpoot.jpg in Resources */,
				79B5DFD9220476980053D54E /* wine.jpg in Resources */,
				79B5DFE3220476980053D54E /* artistreel.jpg in Resources */,
				79B5DFB52204536D0053D54E /* Assets.xcassets in Resources */,
				79B5DFD6220476980053D54E /* indianresto.jpg in Resources */,
				79B5DFDF220476980053D54E /* sushiresto.jpg in Resources */,
				79B5DFD5220476980053D54E /* snackresto.jpg in Resources */,
				79B5DFE4220476980053D54E /* festivallaunch.jpg in Resources */,
				79A8188822098F9E00A01A7F /* beach.jpg in Resources */,
				79AC5F10220C23CE0070E479 /* aerosmith.jpg in Resources */,
				79B5DFD7220476980053D54E /* launchscreen.jpg in Resources */,
				79B5DFDA220476980053D54E /* festiscreen.jpg in Resources */,
				79B5DFDD220476980053D54E /* bar2.jpg in Resources */,
				79B5DFE1220476980053D54E /* italianresto.jpg in Resources */,
				79B5DFB3220453610053D54E /* Main.storyboard in Resources */,
				79A8188622098E1800A01A7F /* nieuwpoort1.jpg in Resources */,
			);
			runOnlyForDeploymentPostprocessing = 0;
		};
/* End PBXResourcesBuildPhase section */

/* Begin PBXSourcesBuildPhase section */
		79B5DFA6220453610053D54E /* Sources */ = {
			isa = PBXSourcesBuildPhase;
			buildActionMask = 2147483647;
			files = (
				79AC5F14220C2FA90070E479 /* DetailViewController.swift in Sources */,
				79AC5F16220C31090070E479 /* Categorie.swift in Sources */,
				79AC2DCC2208897C004673B4 /* Artist.swift in Sources */,
				79B5DFB0220453610053D54E /* ViewController.swift in Sources */,
				79AC5F1A220C35D20070E479 /* MapViewController.swift in Sources */,
				79B5DFAE220453610053D54E /* AppDelegate.swift in Sources */,
				79AC5F18220C31A10070E479 /* DAO.swift in Sources */,
				79AC5F12220C29120070E479 /* FormViewController.swift in Sources */,
			);
			runOnlyForDeploymentPostprocessing = 0;
		};
/* End PBXSourcesBuildPhase section */

/* Begin PBXVariantGroup section */
		79B5DFB1220453610053D54E /* Main.storyboard */ = {
			isa = PBXVariantGroup;
			children = (
				79B5DFB2220453610053D54E /* Base */,
			);
			name = Main.storyboard;
			sourceTree = "<group>";
		};
		79B5DFB62204536D0053D54E /* LaunchScreen.storyboard */ = {
			isa = PBXVariantGroup;
			children = (
				79B5DFB72204536D0053D54E /* Base */,
			);
			name = LaunchScreen.storyboard;
			sourceTree = "<group>";
		};
/* End PBXVariantGroup section */

/* Begin XCBuildConfiguration section */
		79B5DFBA2204536D0053D54E /* Debug */ = {
			isa = XCBuildConfiguration;
			buildSettings = {
				ALWAYS_SEARCH_USER_PATHS = NO;
				CLANG_ANALYZER_NONNULL = YES;
				CLANG_ANALYZER_NUMBER_OBJECT_CONVERSION = YES_AGGRESSIVE;
				CLANG_CXX_LANGUAGE_STANDARD = "gnu++14";
				CLANG_CXX_LIBRARY = "libc++";
				CLANG_ENABLE_MODULES = YES;
				CLANG_ENABLE_OBJC_ARC = YES;
				CLANG_ENABLE_OBJC_WEAK = YES;
				CLANG_WARN_BLOCK_CAPTURE_AUTORELEASING = YES;
				CLANG_WARN_BOOL_CONVERSION = YES;
				CLANG_WARN_COMMA = YES;
				CLANG_WARN_CONSTANT_CONVERSION = YES;
				CLANG_WARN_DEPRECATED_OBJC_IMPLEMENTATIONS = YES;
				CLANG_WARN_DIRECT_OBJC_ISA_USAGE = YES_ERROR;
				CLANG_WARN_DOCUMENTATION_COMMENTS = YES;
				CLANG_WARN_EMPTY_BODY = YES;
				CLANG_WARN_ENUM_CONVERSION = YES;
				CLANG_WARN_INFINITE_RECURSION = YES;
				CLANG_WARN_INT_CONVERSION = YES;
				CLANG_WARN_NON_LITERAL_NULL_CONVERSION = YES;
				CLANG_WARN_OBJC_IMPLICIT_RETAIN_SELF = YES;
				CLANG_WARN_OBJC_LITERAL_CONVERSION = YES;
				CLANG_WARN_OBJC_ROOT_CLASS = YES_ERROR;
				CLANG_WARN_RANGE_LOOP_ANALYSIS = YES;
				CLANG_WARN_STRICT_PROTOTYPES = YES;
				CLANG_WARN_SUSPICIOUS_MOVE = YES;
				CLANG_WARN_UNGUARDED_AVAILABILITY = YES_AGGRESSIVE;
				CLANG_WARN_UNREACHABLE_CODE = YES;
				CLANG_WARN__DUPLICATE_METHOD_MATCH = YES;
				CODE_SIGN_IDENTITY = "iPhone Developer";
				COPY_PHASE_STRIP = NO;
				DEBUG_INFORMATION_FORMAT = dwarf;
				ENABLE_STRICT_OBJC_MSGSEND = YES;
				ENABLE_TESTABILITY = YES;
				GCC_C_LANGUAGE_STANDARD = gnu11;
				GCC_DYNAMIC_NO_PIC = NO;
				GCC_NO_COMMON_BLOCKS = YES;
				GCC_OPTIMIZATION_LEVEL = 0;
				GCC_PREPROCESSOR_DEFINITIONS = (
					"DEBUG=1",
					"$(inherited)",
				);
				GCC_WARN_64_TO_32_BIT_CONVERSION = YES;
				GCC_WARN_ABOUT_RETURN_TYPE = YES_ERROR;
				GCC_WARN_UNDECLARED_SELECTOR = YES;
				GCC_WARN_UNINITIALIZED_AUTOS = YES_AGGRESSIVE;
				GCC_WARN_UNUSED_FUNCTION = YES;
				GCC_WARN_UNUSED_VARIABLE = YES;
				IPHONEOS_DEPLOYMENT_TARGET = 12.1;
				MTL_ENABLE_DEBUG_INFO = INCLUDE_SOURCE;
				MTL_FAST_MATH = YES;
				ONLY_ACTIVE_ARCH = YES;
				SDKROOT = iphoneos;
				SWIFT_ACTIVE_COMPILATION_CONDITIONS = DEBUG;
				SWIFT_OPTIMIZATION_LEVEL = "-Onone";
			};
			name = Debug;
		};
		79B5DFBB2204536D0053D54E /* Release */ = {
			isa = XCBuildConfiguration;
			buildSettings = {
				ALWAYS_SEARCH_USER_PATHS = NO;
				CLANG_ANALYZER_NONNULL = YES;
				CLANG_ANALYZER_NUMBER_OBJECT_CONVERSION = YES_AGGRESSIVE;
				CLANG_CXX_LANGUAGE_STANDARD = "gnu++14";
				CLANG_CXX_LIBRARY = "libc++";
				CLANG_ENABLE_MODULES = YES;
				CLANG_ENABLE_OBJC_ARC = YES;
				CLANG_ENABLE_OBJC_WEAK = YES;
				CLANG_WARN_BLOCK_CAPTURE_AUTORELEASING = YES;
				CLANG_WARN_BOOL_CONVERSION = YES;
				CLANG_WARN_COMMA = YES;
				CLANG_WARN_CONSTANT_CONVERSION = YES;
				CLANG_WARN_DEPRECATED_OBJC_IMPLEMENTATIONS = YES;
				CLANG_WARN_DIRECT_OBJC_ISA_USAGE = YES_ERROR;
				CLANG_WARN_DOCUMENTATION_COMMENTS = YES;
				CLANG_WARN_EMPTY_BODY = YES;
				CLANG_WARN_ENUM_CONVERSION = YES;
				CLANG_WARN_INFINITE_RECURSION = YES;
				CLANG_WARN_INT_CONVERSION = YES;
				CLANG_WARN_NON_LITERAL_NULL_CONVERSION = YES;
				CLANG_WARN_OBJC_IMPLICIT_RETAIN_SELF = YES;
				CLANG_WARN_OBJC_LITERAL_CONVERSION = YES;
				CLANG_WARN_OBJC_ROOT_CLASS = YES_ERROR;
				CLANG_WARN_RANGE_LOOP_ANALYSIS = YES;
				CLANG_WARN_STRICT_PROTOTYPES = YES;
				CLANG_WARN_SUSPICIOUS_MOVE = YES;
				CLANG_WARN_UNGUARDED_AVAILABILITY = YES_AGGRESSIVE;
				CLANG_WARN_UNREACHABLE_CODE = YES;
				CLANG_WARN__DUPLICATE_METHOD_MATCH = YES;
				CODE_SIGN_IDENTITY = "iPhone Developer";
				COPY_PHASE_STRIP = NO;
				DEBUG_INFORMATION_FORMAT = "dwarf-with-dsym";
				ENABLE_NS_ASSERTIONS = NO;
				ENABLE_STRICT_OBJC_MSGSEND = YES;
				GCC_C_LANGUAGE_STANDARD = gnu11;
				GCC_NO_COMMON_BLOCKS = YES;
				GCC_WARN_64_TO_32_BIT_CONVERSION = YES;
				GCC_WARN_ABOUT_RETURN_TYPE = YES_ERROR;
				GCC_WARN_UNDECLARED_SELECTOR = YES;
				GCC_WARN_UNINITIALIZED_AUTOS = YES_AGGRESSIVE;
				GCC_WARN_UNUSED_FUNCTION = YES;
				GCC_WARN_UNUSED_VARIABLE = YES;
				IPHONEOS_DEPLOYMENT_TARGET = 12.1;
				MTL_ENABLE_DEBUG_INFO = NO;
				MTL_FAST_MATH = YES;
				SDKROOT = iphoneos;
				SWIFT_COMPILATION_MODE = wholemodule;
				SWIFT_OPTIMIZATION_LEVEL = "-O";
				VALIDATE_PRODUCT = YES;
			};
			name = Release;
		};
		79B5DFBD2204536D0053D54E /* Debug */ = {
			isa = XCBuildConfiguration;
			buildSettings = {
				ASSETCATALOG_COMPILER_APPICON_NAME = AppIcon;
				CODE_SIGN_STYLE = Automatic;
				INFOPLIST_FILE = "Festival App/Info.plist";
				LD_RUNPATH_SEARCH_PATHS = (
					"$(inherited)",
					"@executable_path/Frameworks",
				);
				PRODUCT_BUNDLE_IDENTIFIER = "be.ehb.Festival-App";
				PRODUCT_NAME = "$(TARGET_NAME)";
				SWIFT_VERSION = 4.2;
				TARGETED_DEVICE_FAMILY = 1;
			};
			name = Debug;
		};
		79B5DFBE2204536D0053D54E /* Release */ = {
			isa = XCBuildConfiguration;
			buildSettings = {
				ASSETCATALOG_COMPILER_APPICON_NAME = AppIcon;
				CODE_SIGN_STYLE = Automatic;
				INFOPLIST_FILE = "Festival App/Info.plist";
				LD_RUNPATH_SEARCH_PATHS = (
					"$(inherited)",
					"@executable_path/Frameworks",
				);
				PRODUCT_BUNDLE_IDENTIFIER = "be.ehb.Festival-App";
				PRODUCT_NAME = "$(TARGET_NAME)";
				SWIFT_VERSION = 4.2;
				TARGETED_DEVICE_FAMILY = 1;
			};
			name = Release;
		};
/* End XCBuildConfiguration section */

/* Begin XCConfigurationList section */
		79B5DFA5220453610053D54E /* Build configuration list for PBXProject "Festival App" */ = {
			isa = XCConfigurationList;
			buildConfigurations = (
				79B5DFBA2204536D0053D54E /* Debug */,
				79B5DFBB2204536D0053D54E /* Release */,
			);
			defaultConfigurationIsVisible = 0;
			defaultConfigurationName = Release;
		};
		79B5DFBC2204536D0053D54E /* Build configuration list for PBXNativeTarget "Festival App" */ = {
			isa = XCConfigurationList;
			buildConfigurations = (
				79B5DFBD2204536D0053D54E /* Debug */,
				79B5DFBE2204536D0053D54E /* Release */,
			);
			defaultConfigurationIsVisible = 0;
			defaultConfigurationName = Release;
		};
/* End XCConfigurationList section */
	};
	rootObject = 79B5DFA2220453610053D54E /* Project object */;
}
